
Microsoft Visual Studio Solution File, Format Version 12.00
# Visual Studio Version 16
VisualStudioVersion = 16.0.29613.14
MinimumVisualStudioVersion = 10.0.40219.1
Project("{2150E333-8FDC-42A3-9474-1A3956D46DE8}") = "src", "src", "{B545D8F9-30B7-4138-BEDF-3DE538A1E096}"
EndProject
Project("{2150E333-8FDC-42A3-9474-1A3956D46DE8}") = "Services", "Services", "{411841DB-CC18-4583-8C5F-CA70FBFC7241}"
EndProject
Project("{2150E333-8FDC-42A3-9474-1A3956D46DE8}") = "BuildingBlocks", "BuildingBlocks", "{82E2EAAE-D5CE-49C6-A681-7D9A2FF4C652}"
EndProject
Project("{2150E333-8FDC-42A3-9474-1A3956D46DE8}") = "Catalog", "Catalog", "{01A352A4-B7F4-4DAE-BC34-07A21A645A05}"
EndProject
Project("{2150E333-8FDC-42A3-9474-1A3956D46DE8}") = "EventBus", "EventBus", "{50C06E8D-B558-47C9-94CB-621862846A54}"
EndProject
Project("{9A19103F-16F7-4668-BE54-9A1E7A4F7556}") = "EventBus", "src\BuildingBlocks\EventBus\EventBus\EventBus.csproj", "{F64C82A3-4FB7-44FA-A8E4-7DA011F817B3}"
EndProject
Project("{9A19103F-16F7-4668-BE54-9A1E7A4F7556}") = "EventBusRabbitMQ", "src\BuildingBlocks\EventBus\EventBusRabbitMQ\EventBusRabbitMQ.csproj", "{A80DAE19-28F5-47E9-BE8E-87FFCD4D66F7}"
EndProject
Project("{2150E333-8FDC-42A3-9474-1A3956D46DE8}") = "Basket", "Basket", "{B387B8C5-0C36-4FE2-B761-E6054B73BCE6}"
EndProject
Project("{9A19103F-16F7-4668-BE54-9A1E7A4F7556}") = "Basket.API", "src\Services\Basket\Basket.API\Basket.API.csproj", "{ADC55160-7DCF-47C4-956A-B222B047F519}"
EndProject
Project("{9A19103F-16F7-4668-BE54-9A1E7A4F7556}") = "IntegrationEventLogEF", "src\BuildingBlocks\IntegrationEventLogEF\IntegrationEventLogEF.csproj", "{F808674F-CE02-4117-A04F-9C57527C64D6}"
EndProject
Project("{9A19103F-16F7-4668-BE54-9A1E7A4F7556}") = "Catalog.API", "src\services\catalog\Catalog.API\Catalog.API.csproj", "{16B1F330-A159-4033-AF18-80D4D0DC114D}"
EndProject
Project("{2150E333-8FDC-42A3-9474-1A3956D46DE8}") = "ApiGateways", "ApiGateways", "{54820F54-3518-4D35-8CB7-DB4C6358D7B4}"
EndProject
Project("{2150E333-8FDC-42A3-9474-1A3956D46DE8}") = "ApiGw-Base", "ApiGw-Base", "{EC64076A-4DCB-412D-9771-E63995F8527D}"
EndProject
Project("{9A19103F-16F7-4668-BE54-9A1E7A4F7556}") = "OcelotApiGw", "src\ApiGateways\ApiGw-Base\OcelotApiGw\OcelotApiGw.csproj", "{8B2C37AC-8420-47E3-9441-B102F9DD6DDA}"
EndProject
Project("{E53339B2-1760-4266-BCC7-CA923CBCF16C}") = "docker-compose", "docker-compose.dcproj", "{AC7096DB-BD7C-4DFD-8994-72F87637C6AC}"
EndProject
Project("{2150E333-8FDC-42A3-9474-1A3956D46DE8}") = "Ordering", "Ordering", "{242B8EE0-F993-4CB2-91F9-2A8FC3BB3C8B}"
EndProject
Project("{9A19103F-16F7-4668-BE54-9A1E7A4F7556}") = "Ordering.API", "src\Services\Ordering\Ordering.API\Ordering.API.csproj", "{32DBAD95-4E94-4634-8B76-B2A962243BE9}"
EndProject
Project("{9A19103F-16F7-4668-BE54-9A1E7A4F7556}") = "Ordering.Domain", "src\Services\Ordering\Ordering.Domain\Ordering.Domain.csproj", "{62651A0E-BDCC-45D8-9CC5-AF1DB8CEF63C}"
EndProject
Project("{9A19103F-16F7-4668-BE54-9A1E7A4F7556}") = "Ordering.Infrastructure", "src\Services\Ordering\Ordering.Infrastructure\Ordering.Infrastructure.csproj", "{56FFDC6E-2226-4CBF-AF7B-0609DF91EA63}"
EndProject
Project("{2150E333-8FDC-42A3-9474-1A3956D46DE8}") = "Identity", "Identity", "{B01F9ED4-F670-41DE-A53B-1DD9C2277BB7}"
EndProject
Project("{9A19103F-16F7-4668-BE54-9A1E7A4F7556}") = "Identity.API", "src\Services\Identity\Identity.API\Identity.API.csproj", "{97570703-9C1D-4B0B-B441-F226BC7A8105}"
EndProject
Project("{2150E333-8FDC-42A3-9474-1A3956D46DE8}") = "tests", "tests", "{52A696D8-EBEE-4720-B8BA-B9C98FF6A771}"
EndProject
Project("{9A19103F-16F7-4668-BE54-9A1E7A4F7556}") = "Ordering.UnitTests", "src\Services\Ordering\tests\Ordering.UnitTests\Ordering.UnitTests.csproj", "{161E77A5-67BE-4239-B622-EFB208AA00E6}"
EndProject
Project("{9A19103F-16F7-4668-BE54-9A1E7A4F7556}") = "Ordering.Infrastructure.Reporting", "src\Services\Ordering\Ordering.Infrastructure.Reporting\Ordering.Infrastructure.Reporting.csproj", "{EA8DC6B2-E455-46D4-B709-575CD37E08A8}"
EndProject
Project("{9A19103F-16F7-4668-BE54-9A1E7A4F7556}") = "Ordering.Application", "src\Services\Ordering\Ordering.Application\Ordering.Application.csproj", "{CCF2F8E6-42EF-457D-B84A-E9BAF946A362}"
EndProject
Project("{9A19103F-16F7-4668-BE54-9A1E7A4F7556}") = "Ordering.QueryModel", "src\Services\Ordering\Ordering.QueryModel\Ordering.QueryModel.csproj", "{E37BB055-01CA-4E67-8ADB-3EB69D1322BE}"
EndProject
Project("{FAE04EC0-301F-11D3-BF4B-00C04F79EFBC}") = "EventStore", "src\BuildingBlocks\EventStore\EventStore.csproj", "{1E5E99F9-6A84-445F-B11A-392EE8772A77}"
EndProject
Project("{FAE04EC0-301F-11D3-BF4B-00C04F79EFBC}") = "Ordering.DocumentProjector", "src\Services\Ordering\Ordering.DocumentProjector\Ordering.DocumentProjector.csproj", "{C68BB6E8-F616-4EE5-8D60-B9A42EE32888}"
EndProject
Global
	GlobalSection(SolutionConfigurationPlatforms) = preSolution
		Debug|Any CPU = Debug|Any CPU
		Release|Any CPU = Release|Any CPU
	EndGlobalSection
	GlobalSection(ProjectConfigurationPlatforms) = postSolution
		{F64C82A3-4FB7-44FA-A8E4-7DA011F817B3}.Debug|Any CPU.ActiveCfg = Debug|Any CPU
		{F64C82A3-4FB7-44FA-A8E4-7DA011F817B3}.Debug|Any CPU.Build.0 = Debug|Any CPU
		{F64C82A3-4FB7-44FA-A8E4-7DA011F817B3}.Release|Any CPU.ActiveCfg = Release|Any CPU
		{F64C82A3-4FB7-44FA-A8E4-7DA011F817B3}.Release|Any CPU.Build.0 = Release|Any CPU
		{A80DAE19-28F5-47E9-BE8E-87FFCD4D66F7}.Debug|Any CPU.ActiveCfg = Debug|Any CPU
		{A80DAE19-28F5-47E9-BE8E-87FFCD4D66F7}.Debug|Any CPU.Build.0 = Debug|Any CPU
		{A80DAE19-28F5-47E9-BE8E-87FFCD4D66F7}.Release|Any CPU.ActiveCfg = Release|Any CPU
		{A80DAE19-28F5-47E9-BE8E-87FFCD4D66F7}.Release|Any CPU.Build.0 = Release|Any CPU
		{ADC55160-7DCF-47C4-956A-B222B047F519}.Debug|Any CPU.ActiveCfg = Debug|Any CPU
		{ADC55160-7DCF-47C4-956A-B222B047F519}.Debug|Any CPU.Build.0 = Debug|Any CPU
		{ADC55160-7DCF-47C4-956A-B222B047F519}.Release|Any CPU.ActiveCfg = Release|Any CPU
		{ADC55160-7DCF-47C4-956A-B222B047F519}.Release|Any CPU.Build.0 = Release|Any CPU
		{F808674F-CE02-4117-A04F-9C57527C64D6}.Debug|Any CPU.ActiveCfg = Debug|Any CPU
		{F808674F-CE02-4117-A04F-9C57527C64D6}.Debug|Any CPU.Build.0 = Debug|Any CPU
		{F808674F-CE02-4117-A04F-9C57527C64D6}.Release|Any CPU.ActiveCfg = Release|Any CPU
		{F808674F-CE02-4117-A04F-9C57527C64D6}.Release|Any CPU.Build.0 = Release|Any CPU
		{16B1F330-A159-4033-AF18-80D4D0DC114D}.Debug|Any CPU.ActiveCfg = Debug|Any CPU
		{16B1F330-A159-4033-AF18-80D4D0DC114D}.Debug|Any CPU.Build.0 = Debug|Any CPU
		{16B1F330-A159-4033-AF18-80D4D0DC114D}.Release|Any CPU.ActiveCfg = Release|Any CPU
		{16B1F330-A159-4033-AF18-80D4D0DC114D}.Release|Any CPU.Build.0 = Release|Any CPU
		{8B2C37AC-8420-47E3-9441-B102F9DD6DDA}.Debug|Any CPU.ActiveCfg = Debug|Any CPU
		{8B2C37AC-8420-47E3-9441-B102F9DD6DDA}.Debug|Any CPU.Build.0 = Debug|Any CPU
		{8B2C37AC-8420-47E3-9441-B102F9DD6DDA}.Release|Any CPU.ActiveCfg = Release|Any CPU
		{8B2C37AC-8420-47E3-9441-B102F9DD6DDA}.Release|Any CPU.Build.0 = Release|Any CPU
		{AC7096DB-BD7C-4DFD-8994-72F87637C6AC}.Debug|Any CPU.ActiveCfg = Debug|Any CPU
		{AC7096DB-BD7C-4DFD-8994-72F87637C6AC}.Debug|Any CPU.Build.0 = Debug|Any CPU
		{AC7096DB-BD7C-4DFD-8994-72F87637C6AC}.Release|Any CPU.ActiveCfg = Release|Any CPU
		{AC7096DB-BD7C-4DFD-8994-72F87637C6AC}.Release|Any CPU.Build.0 = Release|Any CPU
		{32DBAD95-4E94-4634-8B76-B2A962243BE9}.Debug|Any CPU.ActiveCfg = Debug|Any CPU
		{32DBAD95-4E94-4634-8B76-B2A962243BE9}.Debug|Any CPU.Build.0 = Debug|Any CPU
		{32DBAD95-4E94-4634-8B76-B2A962243BE9}.Release|Any CPU.ActiveCfg = Release|Any CPU
		{32DBAD95-4E94-4634-8B76-B2A962243BE9}.Release|Any CPU.Build.0 = Release|Any CPU
		{62651A0E-BDCC-45D8-9CC5-AF1DB8CEF63C}.Debug|Any CPU.ActiveCfg = Debug|Any CPU
		{62651A0E-BDCC-45D8-9CC5-AF1DB8CEF63C}.Debug|Any CPU.Build.0 = Debug|Any CPU
		{62651A0E-BDCC-45D8-9CC5-AF1DB8CEF63C}.Release|Any CPU.ActiveCfg = Release|Any CPU
		{62651A0E-BDCC-45D8-9CC5-AF1DB8CEF63C}.Release|Any CPU.Build.0 = Release|Any CPU
		{56FFDC6E-2226-4CBF-AF7B-0609DF91EA63}.Debug|Any CPU.ActiveCfg = Debug|Any CPU
		{56FFDC6E-2226-4CBF-AF7B-0609DF91EA63}.Debug|Any CPU.Build.0 = Debug|Any CPU
		{56FFDC6E-2226-4CBF-AF7B-0609DF91EA63}.Release|Any CPU.ActiveCfg = Release|Any CPU
		{56FFDC6E-2226-4CBF-AF7B-0609DF91EA63}.Release|Any CPU.Build.0 = Release|Any CPU
		{97570703-9C1D-4B0B-B441-F226BC7A8105}.Debug|Any CPU.ActiveCfg = Debug|Any CPU
		{97570703-9C1D-4B0B-B441-F226BC7A8105}.Debug|Any CPU.Build.0 = Debug|Any CPU
		{97570703-9C1D-4B0B-B441-F226BC7A8105}.Release|Any CPU.ActiveCfg = Release|Any CPU
		{97570703-9C1D-4B0B-B441-F226BC7A8105}.Release|Any CPU.Build.0 = Release|Any CPU
		{161E77A5-67BE-4239-B622-EFB208AA00E6}.Debug|Any CPU.ActiveCfg = Debug|Any CPU
		{161E77A5-67BE-4239-B622-EFB208AA00E6}.Debug|Any CPU.Build.0 = Debug|Any CPU
		{161E77A5-67BE-4239-B622-EFB208AA00E6}.Release|Any CPU.ActiveCfg = Release|Any CPU
		{161E77A5-67BE-4239-B622-EFB208AA00E6}.Release|Any CPU.Build.0 = Release|Any CPU
		{EA8DC6B2-E455-46D4-B709-575CD37E08A8}.Debug|Any CPU.ActiveCfg = Debug|Any CPU
		{EA8DC6B2-E455-46D4-B709-575CD37E08A8}.Debug|Any CPU.Build.0 = Debug|Any CPU
		{EA8DC6B2-E455-46D4-B709-575CD37E08A8}.Release|Any CPU.ActiveCfg = Release|Any CPU
		{EA8DC6B2-E455-46D4-B709-575CD37E08A8}.Release|Any CPU.Build.0 = Release|Any CPU
		{CCF2F8E6-42EF-457D-B84A-E9BAF946A362}.Debug|Any CPU.ActiveCfg = Debug|Any CPU
		{CCF2F8E6-42EF-457D-B84A-E9BAF946A362}.Debug|Any CPU.Build.0 = Debug|Any CPU
		{CCF2F8E6-42EF-457D-B84A-E9BAF946A362}.Release|Any CPU.ActiveCfg = Release|Any CPU
		{CCF2F8E6-42EF-457D-B84A-E9BAF946A362}.Release|Any CPU.Build.0 = Release|Any CPU
		{E37BB055-01CA-4E67-8ADB-3EB69D1322BE}.Debug|Any CPU.ActiveCfg = Debug|Any CPU
		{E37BB055-01CA-4E67-8ADB-3EB69D1322BE}.Debug|Any CPU.Build.0 = Debug|Any CPU
		{E37BB055-01CA-4E67-8ADB-3EB69D1322BE}.Release|Any CPU.ActiveCfg = Release|Any CPU
		{E37BB055-01CA-4E67-8ADB-3EB69D1322BE}.Release|Any CPU.Build.0 = Release|Any CPU
		{1E5E99F9-6A84-445F-B11A-392EE8772A77}.Debug|Any CPU.ActiveCfg = Debug|Any CPU
		{1E5E99F9-6A84-445F-B11A-392EE8772A77}.Debug|Any CPU.Build.0 = Debug|Any CPU
		{1E5E99F9-6A84-445F-B11A-392EE8772A77}.Release|Any CPU.ActiveCfg = Release|Any CPU
		{1E5E99F9-6A84-445F-B11A-392EE8772A77}.Release|Any CPU.Build.0 = Release|Any CPU
		{C68BB6E8-F616-4EE5-8D60-B9A42EE32888}.Debug|Any CPU.ActiveCfg = Debug|Any CPU
		{C68BB6E8-F616-4EE5-8D60-B9A42EE32888}.Debug|Any CPU.Build.0 = Debug|Any CPU
		{C68BB6E8-F616-4EE5-8D60-B9A42EE32888}.Release|Any CPU.ActiveCfg = Release|Any CPU
		{C68BB6E8-F616-4EE5-8D60-B9A42EE32888}.Release|Any CPU.Build.0 = Release|Any CPU
	EndGlobalSection
	GlobalSection(SolutionProperties) = preSolution
		HideSolutionNode = FALSE
	EndGlobalSection
	GlobalSection(NestedProjects) = preSolution
		{411841DB-CC18-4583-8C5F-CA70FBFC7241} = {B545D8F9-30B7-4138-BEDF-3DE538A1E096}
		{82E2EAAE-D5CE-49C6-A681-7D9A2FF4C652} = {B545D8F9-30B7-4138-BEDF-3DE538A1E096}
		{01A352A4-B7F4-4DAE-BC34-07A21A645A05} = {411841DB-CC18-4583-8C5F-CA70FBFC7241}
		{50C06E8D-B558-47C9-94CB-621862846A54} = {82E2EAAE-D5CE-49C6-A681-7D9A2FF4C652}
		{F64C82A3-4FB7-44FA-A8E4-7DA011F817B3} = {50C06E8D-B558-47C9-94CB-621862846A54}
		{A80DAE19-28F5-47E9-BE8E-87FFCD4D66F7} = {50C06E8D-B558-47C9-94CB-621862846A54}
		{B387B8C5-0C36-4FE2-B761-E6054B73BCE6} = {411841DB-CC18-4583-8C5F-CA70FBFC7241}
		{ADC55160-7DCF-47C4-956A-B222B047F519} = {B387B8C5-0C36-4FE2-B761-E6054B73BCE6}
		{F808674F-CE02-4117-A04F-9C57527C64D6} = {50C06E8D-B558-47C9-94CB-621862846A54}
		{16B1F330-A159-4033-AF18-80D4D0DC114D} = {01A352A4-B7F4-4DAE-BC34-07A21A645A05}
		{54820F54-3518-4D35-8CB7-DB4C6358D7B4} = {B545D8F9-30B7-4138-BEDF-3DE538A1E096}
		{EC64076A-4DCB-412D-9771-E63995F8527D} = {54820F54-3518-4D35-8CB7-DB4C6358D7B4}
		{8B2C37AC-8420-47E3-9441-B102F9DD6DDA} = {EC64076A-4DCB-412D-9771-E63995F8527D}
		{242B8EE0-F993-4CB2-91F9-2A8FC3BB3C8B} = {411841DB-CC18-4583-8C5F-CA70FBFC7241}
		{32DBAD95-4E94-4634-8B76-B2A962243BE9} = {242B8EE0-F993-4CB2-91F9-2A8FC3BB3C8B}
		{62651A0E-BDCC-45D8-9CC5-AF1DB8CEF63C} = {242B8EE0-F993-4CB2-91F9-2A8FC3BB3C8B}
		{56FFDC6E-2226-4CBF-AF7B-0609DF91EA63} = {242B8EE0-F993-4CB2-91F9-2A8FC3BB3C8B}
		{B01F9ED4-F670-41DE-A53B-1DD9C2277BB7} = {411841DB-CC18-4583-8C5F-CA70FBFC7241}
		{97570703-9C1D-4B0B-B441-F226BC7A8105} = {B01F9ED4-F670-41DE-A53B-1DD9C2277BB7}
		{52A696D8-EBEE-4720-B8BA-B9C98FF6A771} = {242B8EE0-F993-4CB2-91F9-2A8FC3BB3C8B}
		{161E77A5-67BE-4239-B622-EFB208AA00E6} = {52A696D8-EBEE-4720-B8BA-B9C98FF6A771}
		{EA8DC6B2-E455-46D4-B709-575CD37E08A8} = {242B8EE0-F993-4CB2-91F9-2A8FC3BB3C8B}
		{CCF2F8E6-42EF-457D-B84A-E9BAF946A362} = {242B8EE0-F993-4CB2-91F9-2A8FC3BB3C8B}
		{E37BB055-01CA-4E67-8ADB-3EB69D1322BE} = {242B8EE0-F993-4CB2-91F9-2A8FC3BB3C8B}
		{1E5E99F9-6A84-445F-B11A-392EE8772A77} = {82E2EAAE-D5CE-49C6-A681-7D9A2FF4C652}
		{C68BB6E8-F616-4EE5-8D60-B9A42EE32888} = {242B8EE0-F993-4CB2-91F9-2A8FC3BB3C8B}
	EndGlobalSection
	GlobalSection(ExtensibilityGlobals) = postSolution
		SolutionGuid = {FABC1550-9C17-4B9B-A0EB-FF58D3B3D12F}
	EndGlobalSection
EndGlobal
