
Microsoft Visual Studio Solution File, Format Version 12.00
# Visual Studio 15
VisualStudioVersion = 15.0.28307.779
MinimumVisualStudioVersion = 10.0.40219.1
Project("{2150E333-8FDC-42A3-9474-1A3956D46DE8}") = "src", "src", "{B545D8F9-30B7-4138-BEDF-3DE538A1E096}"
EndProject
Project("{2150E333-8FDC-42A3-9474-1A3956D46DE8}") = "Services", "Services", "{411841DB-CC18-4583-8C5F-CA70FBFC7241}"
EndProject
Project("{2150E333-8FDC-42A3-9474-1A3956D46DE8}") = "BuildingBlocks", "BuildingBlocks", "{82E2EAAE-D5CE-49C6-A681-7D9A2FF4C652}"
EndProject
Project("{2150E333-8FDC-42A3-9474-1A3956D46DE8}") = "Catalog", "Catalog", "{01A352A4-B7F4-4DAE-BC34-07A21A645A05}"
EndProject
Project("{9A19103F-16F7-4668-BE54-9A1E7A4F7556}") = "Catalog.API", "C:\Users\Fatemeh\Desktop\eShop\src\Services\Catalog\Catalog.API\Catalog.API.csproj", "{A2251FC9-A33E-41BA-A20E-8F7CBE397D49}"
EndProject
Project("{2150E333-8FDC-42A3-9474-1A3956D46DE8}") = "EventBus1", "EventBus1", "{50C06E8D-B558-47C9-94CB-621862846A54}"
EndProject
Project("{9A19103F-16F7-4668-BE54-9A1E7A4F7556}") = "EventBus", "src\BuildingBlocks\EventBus\EventBus\EventBus.csproj", "{F64C82A3-4FB7-44FA-A8E4-7DA011F817B3}"
EndProject
Project("{9A19103F-16F7-4668-BE54-9A1E7A4F7556}") = "EventBusRabbitMQ", "src\BuildingBlocks\EventBus\EventBusRabbitMQ\EventBusRabbitMQ.csproj", "{A80DAE19-28F5-47E9-BE8E-87FFCD4D66F7}"
EndProject
Project("{2150E333-8FDC-42A3-9474-1A3956D46DE8}") = "Basket", "Basket", "{B387B8C5-0C36-4FE2-B761-E6054B73BCE6}"
EndProject
Project("{FAE04EC0-301F-11D3-BF4B-00C04F79EFBC}") = "Basket.API", "src\Services\Basket\Basket.API\Basket.API.csproj", "{ADC55160-7DCF-47C4-956A-B222B047F519}"
EndProject
Global
	GlobalSection(SolutionConfigurationPlatforms) = preSolution
		Debug|Any CPU = Debug|Any CPU
		Release|Any CPU = Release|Any CPU
	EndGlobalSection
	GlobalSection(ProjectConfigurationPlatforms) = postSolution
		{A2251FC9-A33E-41BA-A20E-8F7CBE397D49}.Debug|Any CPU.ActiveCfg = Debug|Any CPU
		{A2251FC9-A33E-41BA-A20E-8F7CBE397D49}.Debug|Any CPU.Build.0 = Debug|Any CPU
		{A2251FC9-A33E-41BA-A20E-8F7CBE397D49}.Release|Any CPU.ActiveCfg = Release|Any CPU
		{A2251FC9-A33E-41BA-A20E-8F7CBE397D49}.Release|Any CPU.Build.0 = Release|Any CPU
		{F64C82A3-4FB7-44FA-A8E4-7DA011F817B3}.Debug|Any CPU.ActiveCfg = Debug|Any CPU
		{F64C82A3-4FB7-44FA-A8E4-7DA011F817B3}.Debug|Any CPU.Build.0 = Debug|Any CPU
		{F64C82A3-4FB7-44FA-A8E4-7DA011F817B3}.Release|Any CPU.ActiveCfg = Release|Any CPU
		{F64C82A3-4FB7-44FA-A8E4-7DA011F817B3}.Release|Any CPU.Build.0 = Release|Any CPU
		{A80DAE19-28F5-47E9-BE8E-87FFCD4D66F7}.Debug|Any CPU.ActiveCfg = Debug|Any CPU
		{A80DAE19-28F5-47E9-BE8E-87FFCD4D66F7}.Debug|Any CPU.Build.0 = Debug|Any CPU
		{A80DAE19-28F5-47E9-BE8E-87FFCD4D66F7}.Release|Any CPU.ActiveCfg = Release|Any CPU
		{A80DAE19-28F5-47E9-BE8E-87FFCD4D66F7}.Release|Any CPU.Build.0 = Release|Any CPU
		{ADC55160-7DCF-47C4-956A-B222B047F519}.Debug|Any CPU.ActiveCfg = Debug|Any CPU
		{ADC55160-7DCF-47C4-956A-B222B047F519}.Debug|Any CPU.Build.0 = Debug|Any CPU
		{ADC55160-7DCF-47C4-956A-B222B047F519}.Release|Any CPU.ActiveCfg = Release|Any CPU
		{ADC55160-7DCF-47C4-956A-B222B047F519}.Release|Any CPU.Build.0 = Release|Any CPU
	EndGlobalSection
	GlobalSection(SolutionProperties) = preSolution
		HideSolutionNode = FALSE
	EndGlobalSection
	GlobalSection(NestedProjects) = preSolution
		{411841DB-CC18-4583-8C5F-CA70FBFC7241} = {B545D8F9-30B7-4138-BEDF-3DE538A1E096}
		{82E2EAAE-D5CE-49C6-A681-7D9A2FF4C652} = {B545D8F9-30B7-4138-BEDF-3DE538A1E096}
		{01A352A4-B7F4-4DAE-BC34-07A21A645A05} = {411841DB-CC18-4583-8C5F-CA70FBFC7241}
		{A2251FC9-A33E-41BA-A20E-8F7CBE397D49} = {01A352A4-B7F4-4DAE-BC34-07A21A645A05}
		{50C06E8D-B558-47C9-94CB-621862846A54} = {82E2EAAE-D5CE-49C6-A681-7D9A2FF4C652}
		{F64C82A3-4FB7-44FA-A8E4-7DA011F817B3} = {50C06E8D-B558-47C9-94CB-621862846A54}
		{A80DAE19-28F5-47E9-BE8E-87FFCD4D66F7} = {50C06E8D-B558-47C9-94CB-621862846A54}
		{B387B8C5-0C36-4FE2-B761-E6054B73BCE6} = {411841DB-CC18-4583-8C5F-CA70FBFC7241}
		{ADC55160-7DCF-47C4-956A-B222B047F519} = {B387B8C5-0C36-4FE2-B761-E6054B73BCE6}
	EndGlobalSection
	GlobalSection(ExtensibilityGlobals) = postSolution
		SolutionGuid = {FABC1550-9C17-4B9B-A0EB-FF58D3B3D12F}
	EndGlobalSection
EndGlobal
